
Microsoft Visual Studio Solution File, Format Version 12.00
# Visual Studio 2013
VisualStudioVersion = 12.0.30723.0
MinimumVisualStudioVersion = 10.0.40219.1
Project("{8BC9CEB8-8B4A-11D0-8D11-00A0C91BC942}") = "GPU_Analysis_Glut", "GPU_Analysis_Glut\GPU_Analysis_Glut.vcxproj", "{B231A9AC-02A3-42A2-A844-C3B4001CF671}"
EndProject
Global
	GlobalSection(SolutionConfigurationPlatforms) = preSolution
		Debug|Win32 = Debug|Win32
		Release|Win32 = Release|Win32
	EndGlobalSection
	GlobalSection(ProjectConfigurationPlatforms) = postSolution
		{B231A9AC-02A3-42A2-A844-C3B4001CF671}.Debug|Win32.ActiveCfg = Debug|Win32
		{B231A9AC-02A3-42A2-A844-C3B4001CF671}.Debug|Win32.Build.0 = Debug|Win32
		{B231A9AC-02A3-42A2-A844-C3B4001CF671}.Release|Win32.ActiveCfg = Release|Win32
		{B231A9AC-02A3-42A2-A844-C3B4001CF671}.Release|Win32.Build.0 = Release|Win32
	EndGlobalSection
	GlobalSection(SolutionProperties) = preSolution
		HideSolutionNode = FALSE
	EndGlobalSection
EndGlobal
